# This file is automatically @generated by Poetry and should not be changed by hand.

[[package]]
name = "circuitpython-stubs"
version = "7.3.3"
description = "PEP 561 type stubs for CircuitPython"
category = "main"
optional = false
python-versions = "*"
files = [
    {file = "circuitpython-stubs-7.3.3.tar.gz", hash = "sha256:515696bb6ef8126e6b4cdb8b299aba5babdbc45f432d42bab31cb18d5eb904c4"},
]

[metadata]
lock-version = "2.0"
python-versions = "^3.9"
content-hash = "2545ec5bd69f3ca6f9da901efb21ee003b8e996988065f38a262a8d53835c7ef"
